// !$*UTF8*$!
{
	archiveVersion = 1;
	classes = {
	};
	objectVersion = 46;
	objects = {

/* Begin PBXBuildFile section */
		2705529119E0AB5D00AC2085 /* main.m in Sources */ = {isa = PBXBuildFile; fileRef = 2705529019E0AB5D00AC2085 /* main.m */; };
		2705529419E0AB5D00AC2085 /* AppDelegate.m in Sources */ = {isa = PBXBuildFile; fileRef = 2705529319E0AB5D00AC2085 /* AppDelegate.m */; };
		2705529719E0AB5D00AC2085 /* ViewController.m in Sources */ = {isa = PBXBuildFile; fileRef = 2705529619E0AB5D00AC2085 /* ViewController.m */; };
		2705529A19E0AB5D00AC2085 /* Main.storyboard in Resources */ = {isa = PBXBuildFile; fileRef = 2705529819E0AB5D00AC2085 /* Main.storyboard */; };
		2705529C19E0AB5D00AC2085 /* Images.xcassets in Resources */ = {isa = PBXBuildFile; fileRef = 2705529B19E0AB5D00AC2085 /* Images.xcassets */; };
		2705529F19E0AB5D00AC2085 /* LaunchScreen.xib in Resources */ = {isa = PBXBuildFile; fileRef = 2705529D19E0AB5D00AC2085 /* LaunchScreen.xib */; };
		270552AB19E0AB5D00AC2085 /* Prac2Tests.m in Sources */ = {isa = PBXBuildFile; fileRef = 270552AA19E0AB5D00AC2085 /* Prac2Tests.m */; };
		270552B619E0AD7300AC2085 /* Background - Black.png in Resources */ = {isa = PBXBuildFile; fileRef = 270552B519E0AD7300AC2085 /* Background - Black.png */; };
		270552BC19E0B5C900AC2085 /* States.m in Sources */ = {isa = PBXBuildFile; fileRef = 270552BB19E0B5C900AC2085 /* States.m */; };
		270552BF19E0B8F500AC2085 /* stateCell.m in Sources */ = {isa = PBXBuildFile; fileRef = 270552BE19E0B8F500AC2085 /* stateCell.m */; };
		270552C319E0D1EC00AC2085 /* variables.m in Sources */ = {isa = PBXBuildFile; fileRef = 270552C219E0D1EC00AC2085 /* variables.m */; };
		270552CC19E0D8FF00AC2085 /* baja.jpg in Resources */ = {isa = PBXBuildFile; fileRef = 270552C419E0D8FF00AC2085 /* baja.jpg */; };
		270552CD19E0D8FF00AC2085 /* Coahuila.jpg in Resources */ = {isa = PBXBuildFile; fileRef = 270552C519E0D8FF00AC2085 /* Coahuila.jpg */; };
		270552CE19E0D8FF00AC2085 /* Jalisco.jpg in Resources */ = {isa = PBXBuildFile; fileRef = 270552C619E0D8FF00AC2085 /* Jalisco.jpg */; };
		270552D019E0D8FF00AC2085 /* Michoacan.jpg in Resources */ = {isa = PBXBuildFile; fileRef = 270552C819E0D8FF00AC2085 /* Michoacan.jpg */; };
		270552D119E0D8FF00AC2085 /* Oaxaca.jpg in Resources */ = {isa = PBXBuildFile; fileRef = 270552C919E0D8FF00AC2085 /* Oaxaca.jpg */; };
		270552D219E0D8FF00AC2085 /* Puebla.jpg in Resources */ = {isa = PBXBuildFile; fileRef = 270552CA19E0D8FF00AC2085 /* Puebla.jpg */; };
		270552D319E0D8FF00AC2085 /* Zacatecas.jpg in Resources */ = {isa = PBXBuildFile; fileRef = 270552CB19E0D8FF00AC2085 /* Zacatecas.jpg */; };
		270552D519E0D94A00AC2085 /* Aguascalientes.jpg in Resources */ = {isa = PBXBuildFile; fileRef = 270552D419E0D94A00AC2085 /* Aguascalientes.jpg */; };
		270552D819E0DA2B00AC2085 /* StateDet.m in Sources */ = {isa = PBXBuildFile; fileRef = 270552D719E0DA2B00AC2085 /* StateDet.m */; };
		270552DB19E0E0BB00AC2085 /* Cities.m in Sources */ = {isa = PBXBuildFile; fileRef = 270552DA19E0E0BB00AC2085 /* Cities.m */; };
		270552F419E0F34F00AC2085 /* ags.jpg in Resources */ = {isa = PBXBuildFile; fileRef = 270552DC19E0F34F00AC2085 /* ags.jpg */; };
		270552F519E0F34F00AC2085 /* calvillo.jpg in Resources */ = {isa = PBXBuildFile; fileRef = 270552DD19E0F34F00AC2085 /* calvillo.jpg */; };
		270552F619E0F34F00AC2085 /* chol.jpg in Resources */ = {isa = PBXBuildFile; fileRef = 270552DE19E0F34F00AC2085 /* chol.jpg */; };
		270552F719E0F34F00AC2085 /* ense.jpg in Resources */ = {isa = PBXBuildFile; fileRef = 270552DF19E0F34F00AC2085 /* ense.jpg */; };
		270552F819E0F34F00AC2085 /* fres.jpg in Resources */ = {isa = PBXBuildFile; fileRef = 270552E019E0F34F00AC2085 /* fres.jpg */; };
		270552F919E0F34F00AC2085 /* huej.jpg in Resources */ = {isa = PBXBuildFile; fileRef = 270552E119E0F34F00AC2085 /* huej.jpg */; };
		270552FA19E0F34F00AC2085 /* jesus.jpg in Resources */ = {isa = PBXBuildFile; fileRef = 270552E219E0F34F00AC2085 /* jesus.jpg */; };
		270552FB19E0F34F00AC2085 /* luis.jpg in Resources */ = {isa = PBXBuildFile; fileRef = 270552E319E0F34F00AC2085 /* luis.jpg */; };
		270552FC19E0F34F00AC2085 /* mata.jpg in Resources */ = {isa = PBXBuildFile; fileRef = 270552E419E0F34F00AC2085 /* mata.jpg */; };
		270552FD19E0F34F00AC2085 /* mexi.jpg in Resources */ = {isa = PBXBuildFile; fileRef = 270552E519E0F34F00AC2085 /* mexi.jpg */; };
		270552FE19E0F34F00AC2085 /* more.jpg in Resources */ = {isa = PBXBuildFile; fileRef = 270552E619E0F34F00AC2085 /* more.jpg */; };
		270552FF19E0F34F00AC2085 /* parras.jpg in Resources */ = {isa = PBXBuildFile; fileRef = 270552E719E0F34F00AC2085 /* parras.jpg */; };
		2705530019E0F34F00AC2085 /* pino.jpg in Resources */ = {isa = PBXBuildFile; fileRef = 270552E819E0F34F00AC2085 /* pino.jpg */; };
		2705530119E0F34F00AC2085 /* sahu.jpg in Resources */ = {isa = PBXBuildFile; fileRef = 270552E919E0F34F00AC2085 /* sahu.jpg */; };
		2705530219E0F34F00AC2085 /* sali.jpg in Resources */ = {isa = PBXBuildFile; fileRef = 270552EA19E0F34F00AC2085 /* sali.jpg */; };
		2705530319E0F34F00AC2085 /* sombr.jpg in Resources */ = {isa = PBXBuildFile; fileRef = 270552EB19E0F34F00AC2085 /* sombr.jpg */; };
		2705530419E0F34F00AC2085 /* tehu.jpg in Resources */ = {isa = PBXBuildFile; fileRef = 270552EC19E0F34F00AC2085 /* tehu.jpg */; };
		2705530519E0F34F00AC2085 /* tj.jpg in Resources */ = {isa = PBXBuildFile; fileRef = 270552ED19E0F34F00AC2085 /* tj.jpg */; };
		2705530619E0F34F00AC2085 /* tlaj.jpg in Resources */ = {isa = PBXBuildFile; fileRef = 270552EE19E0F34F00AC2085 /* tlaj.jpg */; };
		2705530719E0F34F00AC2085 /* tona.jpg in Resources */ = {isa = PBXBuildFile; fileRef = 270552EF19E0F34F00AC2085 /* tona.jpg */; };
		2705530819E0F34F00AC2085 /* torr.jpg in Resources */ = {isa = PBXBuildFile; fileRef = 270552F019E0F34F00AC2085 /* torr.jpg */; };
		2705530919E0F34F00AC2085 /* tux.jpg in Resources */ = {isa = PBXBuildFile; fileRef = 270552F119E0F34F00AC2085 /* tux.jpg */; };
		2705530A19E0F34F00AC2085 /* zamo.jpg in Resources */ = {isa = PBXBuildFile; fileRef = 270552F219E0F34F00AC2085 /* zamo.jpg */; };
		2705530B19E0F34F00AC2085 /* zap.jpg in Resources */ = {isa = PBXBuildFile; fileRef = 270552F319E0F34F00AC2085 /* zap.jpg */; };
/* End PBXBuildFile section */

/* Begin PBXContainerItemProxy section */
		270552A519E0AB5D00AC2085 /* PBXContainerItemProxy */ = {
			isa = PBXContainerItemProxy;
			containerPortal = 2705528319E0AB5D00AC2085 /* Project object */;
			proxyType = 1;
			remoteGlobalIDString = 2705528A19E0AB5D00AC2085;
			remoteInfo = Prac2;
		};
/* End PBXContainerItemProxy section */

/* Begin PBXFileReference section */
		2705528B19E0AB5D00AC2085 /* Prac2.app */ = {isa = PBXFileReference; explicitFileType = wrapper.application; includeInIndex = 0; path = Prac2.app; sourceTree = BUILT_PRODUCTS_DIR; };
		2705528F19E0AB5D00AC2085 /* Info.plist */ = {isa = PBXFileReference; lastKnownFileType = text.plist.xml; path = Info.plist; sourceTree = "<group>"; };
		2705529019E0AB5D00AC2085 /* main.m */ = {isa = PBXFileReference; lastKnownFileType = sourcecode.c.objc; path = main.m; sourceTree = "<group>"; };
		2705529219E0AB5D00AC2085 /* AppDelegate.h */ = {isa = PBXFileReference; lastKnownFileType = sourcecode.c.h; path = AppDelegate.h; sourceTree = "<group>"; };
		2705529319E0AB5D00AC2085 /* AppDelegate.m */ = {isa = PBXFileReference; lastKnownFileType = sourcecode.c.objc; path = AppDelegate.m; sourceTree = "<group>"; };
		2705529519E0AB5D00AC2085 /* ViewController.h */ = {isa = PBXFileReference; lastKnownFileType = sourcecode.c.h; path = ViewController.h; sourceTree = "<group>"; };
		2705529619E0AB5D00AC2085 /* ViewController.m */ = {isa = PBXFileReference; lastKnownFileType = sourcecode.c.objc; path = ViewController.m; sourceTree = "<group>"; };
		2705529919E0AB5D00AC2085 /* Base */ = {isa = PBXFileReference; lastKnownFileType = file.storyboard; name = Base; path = Base.lproj/Main.storyboard; sourceTree = "<group>"; };
		2705529B19E0AB5D00AC2085 /* Images.xcassets */ = {isa = PBXFileReference; lastKnownFileType = folder.assetcatalog; path = Images.xcassets; sourceTree = "<group>"; };
		2705529E19E0AB5D00AC2085 /* Base */ = {isa = PBXFileReference; lastKnownFileType = file.xib; name = Base; path = Base.lproj/LaunchScreen.xib; sourceTree = "<group>"; };
		270552A419E0AB5D00AC2085 /* Prac2Tests.xctest */ = {isa = PBXFileReference; explicitFileType = wrapper.cfbundle; includeInIndex = 0; path = Prac2Tests.xctest; sourceTree = BUILT_PRODUCTS_DIR; };
		270552A919E0AB5D00AC2085 /* Info.plist */ = {isa = PBXFileReference; lastKnownFileType = text.plist.xml; path = Info.plist; sourceTree = "<group>"; };
		270552AA19E0AB5D00AC2085 /* Prac2Tests.m */ = {isa = PBXFileReference; lastKnownFileType = sourcecode.c.objc; path = Prac2Tests.m; sourceTree = "<group>"; };
		270552B519E0AD7300AC2085 /* Background - Black.png */ = {isa = PBXFileReference; lastKnownFileType = image.png; path = "Background - Black.png"; sourceTree = "<group>"; };
		270552BA19E0B5C900AC2085 /* States.h */ = {isa = PBXFileReference; fileEncoding = 4; lastKnownFileType = sourcecode.c.h; name = States.h; path = ../States.h; sourceTree = "<group>"; };
		270552BB19E0B5C900AC2085 /* States.m */ = {isa = PBXFileReference; fileEncoding = 4; lastKnownFileType = sourcecode.c.objc; name = States.m; path = ../States.m; sourceTree = "<group>"; };
		270552BD19E0B8F500AC2085 /* stateCell.h */ = {isa = PBXFileReference; fileEncoding = 4; lastKnownFileType = sourcecode.c.h; path = stateCell.h; sourceTree = "<group>"; };
		270552BE19E0B8F500AC2085 /* stateCell.m */ = {isa = PBXFileReference; fileEncoding = 4; lastKnownFileType = sourcecode.c.objc; path = stateCell.m; sourceTree = "<group>"; };
		270552C119E0D1EC00AC2085 /* variables.h */ = {isa = PBXFileReference; fileEncoding = 4; lastKnownFileType = sourcecode.c.h; path = variables.h; sourceTree = "<group>"; };
		270552C219E0D1EC00AC2085 /* variables.m */ = {isa = PBXFileReference; fileEncoding = 4; lastKnownFileType = sourcecode.c.objc; path = variables.m; sourceTree = "<group>"; };
		270552C419E0D8FF00AC2085 /* baja.jpg */ = {isa = PBXFileReference; lastKnownFileType = image.jpeg; path = baja.jpg; sourceTree = "<group>"; };
		270552C519E0D8FF00AC2085 /* Coahuila.jpg */ = {isa = PBXFileReference; lastKnownFileType = image.jpeg; path = Coahuila.jpg; sourceTree = "<group>"; };
		270552C619E0D8FF00AC2085 /* Jalisco.jpg */ = {isa = PBXFileReference; lastKnownFileType = image.jpeg; path = Jalisco.jpg; sourceTree = "<group>"; };
		270552C819E0D8FF00AC2085 /* Michoacan.jpg */ = {isa = PBXFileReference; lastKnownFileType = image.jpeg; path = Michoacan.jpg; sourceTree = "<group>"; };
		270552C919E0D8FF00AC2085 /* Oaxaca.jpg */ = {isa = PBXFileReference; lastKnownFileType = image.jpeg; path = Oaxaca.jpg; sourceTree = "<group>"; };
		270552CA19E0D8FF00AC2085 /* Puebla.jpg */ = {isa = PBXFileReference; lastKnownFileType = image.jpeg; path = Puebla.jpg; sourceTree = "<group>"; };
		270552CB19E0D8FF00AC2085 /* Zacatecas.jpg */ = {isa = PBXFileReference; lastKnownFileType = image.jpeg; path = Zacatecas.jpg; sourceTree = "<group>"; };
		270552D419E0D94A00AC2085 /* Aguascalientes.jpg */ = {isa = PBXFileReference; lastKnownFileType = image.jpeg; path = Aguascalientes.jpg; sourceTree = "<group>"; };
		270552D619E0DA2B00AC2085 /* StateDet.h */ = {isa = PBXFileReference; fileEncoding = 4; lastKnownFileType = sourcecode.c.h; path = StateDet.h; sourceTree = "<group>"; };
		270552D719E0DA2B00AC2085 /* StateDet.m */ = {isa = PBXFileReference; fileEncoding = 4; lastKnownFileType = sourcecode.c.objc; path = StateDet.m; sourceTree = "<group>"; };
		270552D919E0E0BB00AC2085 /* Cities.h */ = {isa = PBXFileReference; fileEncoding = 4; lastKnownFileType = sourcecode.c.h; path = Cities.h; sourceTree = "<group>"; };
		270552DA19E0E0BB00AC2085 /* Cities.m */ = {isa = PBXFileReference; fileEncoding = 4; lastKnownFileType = sourcecode.c.objc; path = Cities.m; sourceTree = "<group>"; };
		270552DC19E0F34F00AC2085 /* ags.jpg */ = {isa = PBXFileReference; lastKnownFileType = image.jpeg; path = ags.jpg; sourceTree = "<group>"; };
		270552DD19E0F34F00AC2085 /* calvillo.jpg */ = {isa = PBXFileReference; lastKnownFileType = image.jpeg; path = calvillo.jpg; sourceTree = "<group>"; };
		270552DE19E0F34F00AC2085 /* chol.jpg */ = {isa = PBXFileReference; lastKnownFileType = image.jpeg; path = chol.jpg; sourceTree = "<group>"; };
		270552DF19E0F34F00AC2085 /* ense.jpg */ = {isa = PBXFileReference; lastKnownFileType = image.jpeg; path = ense.jpg; sourceTree = "<group>"; };
		270552E019E0F34F00AC2085 /* fres.jpg */ = {isa = PBXFileReference; lastKnownFileType = image.jpeg; path = fres.jpg; sourceTree = "<group>"; };
		270552E119E0F34F00AC2085 /* huej.jpg */ = {isa = PBXFileReference; lastKnownFileType = image.jpeg; path = huej.jpg; sourceTree = "<group>"; };
		270552E219E0F34F00AC2085 /* jesus.jpg */ = {isa = PBXFileReference; lastKnownFileType = image.jpeg; path = jesus.jpg; sourceTree = "<group>"; };
		270552E319E0F34F00AC2085 /* luis.jpg */ = {isa = PBXFileReference; lastKnownFileType = image.jpeg; path = luis.jpg; sourceTree = "<group>"; };
		270552E419E0F34F00AC2085 /* mata.jpg */ = {isa = PBXFileReference; lastKnownFileType = image.jpeg; path = mata.jpg; sourceTree = "<group>"; };
		270552E519E0F34F00AC2085 /* mexi.jpg */ = {isa = PBXFileReference; lastKnownFileType = image.jpeg; path = mexi.jpg; sourceTree = "<group>"; };
		270552E619E0F34F00AC2085 /* more.jpg */ = {isa = PBXFileReference; lastKnownFileType = image.jpeg; path = more.jpg; sourceTree = "<group>"; };
		270552E719E0F34F00AC2085 /* parras.jpg */ = {isa = PBXFileReference; lastKnownFileType = image.jpeg; path = parras.jpg; sourceTree = "<group>"; };
		270552E819E0F34F00AC2085 /* pino.jpg */ = {isa = PBXFileReference; lastKnownFileType = image.jpeg; path = pino.jpg; sourceTree = "<group>"; };
		270552E919E0F34F00AC2085 /* sahu.jpg */ = {isa = PBXFileReference; lastKnownFileType = image.jpeg; path = sahu.jpg; sourceTree = "<group>"; };
		270552EA19E0F34F00AC2085 /* sali.jpg */ = {isa = PBXFileReference; lastKnownFileType = image.jpeg; path = sali.jpg; sourceTree = "<group>"; };
		270552EB19E0F34F00AC2085 /* sombr.jpg */ = {isa = PBXFileReference; lastKnownFileType = image.jpeg; path = sombr.jpg; sourceTree = "<group>"; };
		270552EC19E0F34F00AC2085 /* tehu.jpg */ = {isa = PBXFileReference; lastKnownFileType = image.jpeg; path = tehu.jpg; sourceTree = "<group>"; };
		270552ED19E0F34F00AC2085 /* tj.jpg */ = {isa = PBXFileReference; lastKnownFileType = image.jpeg; path = tj.jpg; sourceTree = "<group>"; };
		270552EE19E0F34F00AC2085 /* tlaj.jpg */ = {isa = PBXFileReference; lastKnownFileType = image.jpeg; path = tlaj.jpg; sourceTree = "<group>"; };
		270552EF19E0F34F00AC2085 /* tona.jpg */ = {isa = PBXFileReference; lastKnownFileType = image.jpeg; path = tona.jpg; sourceTree = "<group>"; };
		270552F019E0F34F00AC2085 /* torr.jpg */ = {isa = PBXFileReference; lastKnownFileType = image.jpeg; path = torr.jpg; sourceTree = "<group>"; };
		270552F119E0F34F00AC2085 /* tux.jpg */ = {isa = PBXFileReference; lastKnownFileType = image.jpeg; path = tux.jpg; sourceTree = "<group>"; };
		270552F219E0F34F00AC2085 /* zamo.jpg */ = {isa = PBXFileReference; lastKnownFileType = image.jpeg; path = zamo.jpg; sourceTree = "<group>"; };
		270552F319E0F34F00AC2085 /* zap.jpg */ = {isa = PBXFileReference; lastKnownFileType = image.jpeg; path = zap.jpg; sourceTree = "<group>"; };
/* End PBXFileReference section */

/* Begin PBXFrameworksBuildPhase section */
		2705528819E0AB5D00AC2085 /* Frameworks */ = {
			isa = PBXFrameworksBuildPhase;
			buildActionMask = 2147483647;
			files = (
			);
			runOnlyForDeploymentPostprocessing = 0;
		};
		270552A119E0AB5D00AC2085 /* Frameworks */ = {
			isa = PBXFrameworksBuildPhase;
			buildActionMask = 2147483647;
			files = (
			);
			runOnlyForDeploymentPostprocessing = 0;
		};
/* End PBXFrameworksBuildPhase section */

/* Begin PBXGroup section */
		2705528219E0AB5D00AC2085 = {
			isa = PBXGroup;
			children = (
				2705528D19E0AB5D00AC2085 /* Prac2 */,
				270552A719E0AB5D00AC2085 /* Prac2Tests */,
				2705528C19E0AB5D00AC2085 /* Products */,
			);
			sourceTree = "<group>";
		};
		2705528C19E0AB5D00AC2085 /* Products */ = {
			isa = PBXGroup;
			children = (
				2705528B19E0AB5D00AC2085 /* Prac2.app */,
				270552A419E0AB5D00AC2085 /* Prac2Tests.xctest */,
			);
			name = Products;
			sourceTree = "<group>";
		};
		2705528D19E0AB5D00AC2085 /* Prac2 */ = {
			isa = PBXGroup;
			children = (
				270552C019E0D1B700AC2085 /* support */,
				2705529219E0AB5D00AC2085 /* AppDelegate.h */,
				2705529319E0AB5D00AC2085 /* AppDelegate.m */,
				2705529519E0AB5D00AC2085 /* ViewController.h */,
				2705529619E0AB5D00AC2085 /* ViewController.m */,
				270552BA19E0B5C900AC2085 /* States.h */,
				270552D619E0DA2B00AC2085 /* StateDet.h */,
				270552D719E0DA2B00AC2085 /* StateDet.m */,
				270552BB19E0B5C900AC2085 /* States.m */,
				270552BD19E0B8F500AC2085 /* stateCell.h */,
				270552BE19E0B8F500AC2085 /* stateCell.m */,
				270552D919E0E0BB00AC2085 /* Cities.h */,
				270552DA19E0E0BB00AC2085 /* Cities.m */,
				2705529819E0AB5D00AC2085 /* Main.storyboard */,
				2705529B19E0AB5D00AC2085 /* Images.xcassets */,
				2705529D19E0AB5D00AC2085 /* LaunchScreen.xib */,
				2705528E19E0AB5D00AC2085 /* Supporting Files */,
			);
			path = Prac2;
			sourceTree = "<group>";
		};
		2705528E19E0AB5D00AC2085 /* Supporting Files */ = {
			isa = PBXGroup;
			children = (
				270552B419E0AD5300AC2085 /* img */,
				2705528F19E0AB5D00AC2085 /* Info.plist */,
				2705529019E0AB5D00AC2085 /* main.m */,
			);
			name = "Supporting Files";
			sourceTree = "<group>";
		};
		270552A719E0AB5D00AC2085 /* Prac2Tests */ = {
			isa = PBXGroup;
			children = (
				270552AA19E0AB5D00AC2085 /* Prac2Tests.m */,
				270552A819E0AB5D00AC2085 /* Supporting Files */,
			);
			path = Prac2Tests;
			sourceTree = "<group>";
		};
		270552A819E0AB5D00AC2085 /* Supporting Files */ = {
			isa = PBXGroup;
			children = (
				270552A919E0AB5D00AC2085 /* Info.plist */,
			);
			name = "Supporting Files";
			sourceTree = "<group>";
		};
		270552B419E0AD5300AC2085 /* img */ = {
			isa = PBXGroup;
			children = (
				270552DC19E0F34F00AC2085 /* ags.jpg */,
				270552DD19E0F34F00AC2085 /* calvillo.jpg */,
				270552DE19E0F34F00AC2085 /* chol.jpg */,
				270552DF19E0F34F00AC2085 /* ense.jpg */,
				270552E019E0F34F00AC2085 /* fres.jpg */,
				270552E119E0F34F00AC2085 /* huej.jpg */,
				270552E219E0F34F00AC2085 /* jesus.jpg */,
				270552E319E0F34F00AC2085 /* luis.jpg */,
				270552E419E0F34F00AC2085 /* mata.jpg */,
				270552E519E0F34F00AC2085 /* mexi.jpg */,
				270552E619E0F34F00AC2085 /* more.jpg */,
				270552E719E0F34F00AC2085 /* parras.jpg */,
				270552E819E0F34F00AC2085 /* pino.jpg */,
				270552E919E0F34F00AC2085 /* sahu.jpg */,
				270552EA19E0F34F00AC2085 /* sali.jpg */,
				270552EB19E0F34F00AC2085 /* sombr.jpg */,
				270552EC19E0F34F00AC2085 /* tehu.jpg */,
				270552ED19E0F34F00AC2085 /* tj.jpg */,
				270552EE19E0F34F00AC2085 /* tlaj.jpg */,
				270552EF19E0F34F00AC2085 /* tona.jpg */,
				270552F019E0F34F00AC2085 /* torr.jpg */,
				270552F119E0F34F00AC2085 /* tux.jpg */,
				270552F219E0F34F00AC2085 /* zamo.jpg */,
				270552F319E0F34F00AC2085 /* zap.jpg */,
				270552D419E0D94A00AC2085 /* Aguascalientes.jpg */,
				270552C419E0D8FF00AC2085 /* baja.jpg */,
				270552C519E0D8FF00AC2085 /* Coahuila.jpg */,
				270552C619E0D8FF00AC2085 /* Jalisco.jpg */,
				270552C819E0D8FF00AC2085 /* Michoacan.jpg */,
				270552C919E0D8FF00AC2085 /* Oaxaca.jpg */,
				270552CA19E0D8FF00AC2085 /* Puebla.jpg */,
				270552CB19E0D8FF00AC2085 /* Zacatecas.jpg */,
				270552B519E0AD7300AC2085 /* Background - Black.png */,
			);
			name = img;
			sourceTree = "<group>";
		};
		270552C019E0D1B700AC2085 /* support */ = {
			isa = PBXGroup;
			children = (
				270552C119E0D1EC00AC2085 /* variables.h */,
				270552C219E0D1EC00AC2085 /* variables.m */,
			);
			name = support;
			sourceTree = "<group>";
		};
/* End PBXGroup section */

/* Begin PBXNativeTarget section */
		2705528A19E0AB5D00AC2085 /* Prac2 */ = {
			isa = PBXNativeTarget;
			buildConfigurationList = 270552AE19E0AB5D00AC2085 /* Build configuration list for PBXNativeTarget "Prac2" */;
			buildPhases = (
				2705528719E0AB5D00AC2085 /* Sources */,
				2705528819E0AB5D00AC2085 /* Frameworks */,
				2705528919E0AB5D00AC2085 /* Resources */,
			);
			buildRules = (
			);
			dependencies = (
			);
			name = Prac2;
			productName = Prac2;
			productReference = 2705528B19E0AB5D00AC2085 /* Prac2.app */;
			productType = "com.apple.product-type.application";
		};
		270552A319E0AB5D00AC2085 /* Prac2Tests */ = {
			isa = PBXNativeTarget;
			buildConfigurationList = 270552B119E0AB5D00AC2085 /* Build configuration list for PBXNativeTarget "Prac2Tests" */;
			buildPhases = (
				270552A019E0AB5D00AC2085 /* Sources */,
				270552A119E0AB5D00AC2085 /* Frameworks */,
				270552A219E0AB5D00AC2085 /* Resources */,
			);
			buildRules = (
			);
			dependencies = (
				270552A619E0AB5D00AC2085 /* PBXTargetDependency */,
			);
			name = Prac2Tests;
			productName = Prac2Tests;
			productReference = 270552A419E0AB5D00AC2085 /* Prac2Tests.xctest */;
			productType = "com.apple.product-type.bundle.unit-test";
		};
/* End PBXNativeTarget section */

/* Begin PBXProject section */
		2705528319E0AB5D00AC2085 /* Project object */ = {
			isa = PBXProject;
			attributes = {
				LastUpgradeCheck = 0600;
				ORGANIZATIONNAME = mike;
				TargetAttributes = {
					2705528A19E0AB5D00AC2085 = {
						CreatedOnToolsVersion = 6.0.1;
					};
					270552A319E0AB5D00AC2085 = {
						CreatedOnToolsVersion = 6.0.1;
						TestTargetID = 2705528A19E0AB5D00AC2085;
					};
				};
			};
			buildConfigurationList = 2705528619E0AB5D00AC2085 /* Build configuration list for PBXProject "Prac2" */;
			compatibilityVersion = "Xcode 3.2";
			developmentRegion = English;
			hasScannedForEncodings = 0;
			knownRegions = (
				en,
				Base,
			);
			mainGroup = 2705528219E0AB5D00AC2085;
			productRefGroup = 2705528C19E0AB5D00AC2085 /* Products */;
			projectDirPath = "";
			projectRoot = "";
			targets = (
				2705528A19E0AB5D00AC2085 /* Prac2 */,
				270552A319E0AB5D00AC2085 /* Prac2Tests */,
			);
		};
/* End PBXProject section */

/* Begin PBXResourcesBuildPhase section */
		2705528919E0AB5D00AC2085 /* Resources */ = {
			isa = PBXResourcesBuildPhase;
			buildActionMask = 2147483647;
			files = (
				270552D019E0D8FF00AC2085 /* Michoacan.jpg in Resources */,
				2705530019E0F34F00AC2085 /* pino.jpg in Resources */,
				270552FC19E0F34F00AC2085 /* mata.jpg in Resources */,
				2705530919E0F34F00AC2085 /* tux.jpg in Resources */,
				270552F619E0F34F00AC2085 /* chol.jpg in Resources */,
				270552F719E0F34F00AC2085 /* ense.jpg in Resources */,
				2705529A19E0AB5D00AC2085 /* Main.storyboard in Resources */,
				2705530419E0F34F00AC2085 /* tehu.jpg in Resources */,
				270552F419E0F34F00AC2085 /* ags.jpg in Resources */,
				270552FD19E0F34F00AC2085 /* mexi.jpg in Resources */,
				2705530719E0F34F00AC2085 /* tona.jpg in Resources */,
				2705530819E0F34F00AC2085 /* torr.jpg in Resources */,
				270552D519E0D94A00AC2085 /* Aguascalientes.jpg in Resources */,
				270552FE19E0F34F00AC2085 /* more.jpg in Resources */,
				270552CC19E0D8FF00AC2085 /* baja.jpg in Resources */,
				2705530619E0F34F00AC2085 /* tlaj.jpg in Resources */,
				270552FF19E0F34F00AC2085 /* parras.jpg in Resources */,
				270552F819E0F34F00AC2085 /* fres.jpg in Resources */,
				2705529F19E0AB5D00AC2085 /* LaunchScreen.xib in Resources */,
				270552CD19E0D8FF00AC2085 /* Coahuila.jpg in Resources */,
				2705530319E0F34F00AC2085 /* sombr.jpg in Resources */,
				270552FA19E0F34F00AC2085 /* jesus.jpg in Resources */,
				270552F519E0F34F00AC2085 /* calvillo.jpg in Resources */,
				2705529C19E0AB5D00AC2085 /* Images.xcassets in Resources */,
				270552B619E0AD7300AC2085 /* Background - Black.png in Resources */,
				270552F919E0F34F00AC2085 /* huej.jpg in Resources */,
				2705530A19E0F34F00AC2085 /* zamo.jpg in Resources */,
				270552D119E0D8FF00AC2085 /* Oaxaca.jpg in Resources */,
				270552FB19E0F34F00AC2085 /* luis.jpg in Resources */,
				2705530219E0F34F00AC2085 /* sali.jpg in Resources */,
				2705530519E0F34F00AC2085 /* tj.jpg in Resources */,
				270552D219E0D8FF00AC2085 /* Puebla.jpg in Resources */,
				270552CE19E0D8FF00AC2085 /* Jalisco.jpg in Resources */,
				2705530B19E0F34F00AC2085 /* zap.jpg in Resources */,
				2705530119E0F34F00AC2085 /* sahu.jpg in Resources */,
				270552D319E0D8FF00AC2085 /* Zacatecas.jpg in Resources */,
			);
			runOnlyForDeploymentPostprocessing = 0;
		};
		270552A219E0AB5D00AC2085 /* Resources */ = {
			isa = PBXResourcesBuildPhase;
			buildActionMask = 2147483647;
			files = (
			);
			runOnlyForDeploymentPostprocessing = 0;
		};
/* End PBXResourcesBuildPhase section */

/* Begin PBXSourcesBuildPhase section */
		2705528719E0AB5D00AC2085 /* Sources */ = {
			isa = PBXSourcesBuildPhase;
			buildActionMask = 2147483647;
			files = (
				2705529719E0AB5D00AC2085 /* ViewController.m in Sources */,
				2705529419E0AB5D00AC2085 /* AppDelegate.m in Sources */,
				2705529119E0AB5D00AC2085 /* main.m in Sources */,
				270552C319E0D1EC00AC2085 /* variables.m in Sources */,
				270552DB19E0E0BB00AC2085 /* Cities.m in Sources */,
				270552D819E0DA2B00AC2085 /* StateDet.m in Sources */,
				270552BC19E0B5C900AC2085 /* States.m in Sources */,
				270552BF19E0B8F500AC2085 /* stateCell.m in Sources */,
			);
			runOnlyForDeploymentPostprocessing = 0;
		};
		270552A019E0AB5D00AC2085 /* Sources */ = {
			isa = PBXSourcesBuildPhase;
			buildActionMask = 2147483647;
			files = (
				270552AB19E0AB5D00AC2085 /* Prac2Tests.m in Sources */,
			);
			runOnlyForDeploymentPostprocessing = 0;
		};
/* End PBXSourcesBuildPhase section */

/* Begin PBXTargetDependency section */
		270552A619E0AB5D00AC2085 /* PBXTargetDependency */ = {
			isa = PBXTargetDependency;
			target = 2705528A19E0AB5D00AC2085 /* Prac2 */;
			targetProxy = 270552A519E0AB5D00AC2085 /* PBXContainerItemProxy */;
		};
/* End PBXTargetDependency section */

/* Begin PBXVariantGroup section */
		2705529819E0AB5D00AC2085 /* Main.storyboard */ = {
			isa = PBXVariantGroup;
			children = (
				2705529919E0AB5D00AC2085 /* Base */,
			);
			name = Main.storyboard;
			sourceTree = "<group>";
		};
		2705529D19E0AB5D00AC2085 /* LaunchScreen.xib */ = {
			isa = PBXVariantGroup;
			children = (
				2705529E19E0AB5D00AC2085 /* Base */,
			);
			name = LaunchScreen.xib;
			sourceTree = "<group>";
		};
/* End PBXVariantGroup section */

/* Begin XCBuildConfiguration section */
		270552AC19E0AB5D00AC2085 /* Debug */ = {
			isa = XCBuildConfiguration;
			buildSettings = {
				ALWAYS_SEARCH_USER_PATHS = NO;
				CLANG_CXX_LANGUAGE_STANDARD = "gnu++0x";
				CLANG_CXX_LIBRARY = "libc++";
				CLANG_ENABLE_MODULES = YES;
				CLANG_ENABLE_OBJC_ARC = YES;
				CLANG_WARN_BOOL_CONVERSION = YES;
				CLANG_WARN_CONSTANT_CONVERSION = YES;
				CLANG_WARN_DIRECT_OBJC_ISA_USAGE = YES_ERROR;
				CLANG_WARN_EMPTY_BODY = YES;
				CLANG_WARN_ENUM_CONVERSION = YES;
				CLANG_WARN_INT_CONVERSION = YES;
				CLANG_WARN_OBJC_ROOT_CLASS = YES_ERROR;
				CLANG_WARN_UNREACHABLE_CODE = YES;
				CLANG_WARN__DUPLICATE_METHOD_MATCH = YES;
				"CODE_SIGN_IDENTITY[sdk=iphoneos*]" = "iPhone Developer";
				COPY_PHASE_STRIP = NO;
				ENABLE_STRICT_OBJC_MSGSEND = YES;
				GCC_C_LANGUAGE_STANDARD = gnu99;
				GCC_DYNAMIC_NO_PIC = NO;
				GCC_OPTIMIZATION_LEVEL = 0;
				GCC_PREPROCESSOR_DEFINITIONS = (
					"DEBUG=1",
					"$(inherited)",
				);
				GCC_SYMBOLS_PRIVATE_EXTERN = NO;
				GCC_WARN_64_TO_32_BIT_CONVERSION = YES;
				GCC_WARN_ABOUT_RETURN_TYPE = YES_ERROR;
				GCC_WARN_UNDECLARED_SELECTOR = YES;
				GCC_WARN_UNINITIALIZED_AUTOS = YES_AGGRESSIVE;
				GCC_WARN_UNUSED_FUNCTION = YES;
				GCC_WARN_UNUSED_VARIABLE = YES;
				IPHONEOS_DEPLOYMENT_TARGET = 8.0;
				MTL_ENABLE_DEBUG_INFO = YES;
				ONLY_ACTIVE_ARCH = YES;
				SDKROOT = iphoneos;
				TARGETED_DEVICE_FAMILY = "1,2";
			};
			name = Debug;
		};
		270552AD19E0AB5D00AC2085 /* Release */ = {
			isa = XCBuildConfiguration;
			buildSettings = {
				ALWAYS_SEARCH_USER_PATHS = NO;
				CLANG_CXX_LANGUAGE_STANDARD = "gnu++0x";
				CLANG_CXX_LIBRARY = "libc++";
				CLANG_ENABLE_MODULES = YES;
				CLANG_ENABLE_OBJC_ARC = YES;
				CLANG_WARN_BOOL_CONVERSION = YES;
				CLANG_WARN_CONSTANT_CONVERSION = YES;
				CLANG_WARN_DIRECT_OBJC_ISA_USAGE = YES_ERROR;
				CLANG_WARN_EMPTY_BODY = YES;
				CLANG_WARN_ENUM_CONVERSION = YES;
				CLANG_WARN_INT_CONVERSION = YES;
				CLANG_WARN_OBJC_ROOT_CLASS = YES_ERROR;
				CLANG_WARN_UNREACHABLE_CODE = YES;
				CLANG_WARN__DUPLICATE_METHOD_MATCH = YES;
				"CODE_SIGN_IDENTITY[sdk=iphoneos*]" = "iPhone Developer";
				COPY_PHASE_STRIP = YES;
				ENABLE_NS_ASSERTIONS = NO;
				ENABLE_STRICT_OBJC_MSGSEND = YES;
				GCC_C_LANGUAGE_STANDARD = gnu99;
				GCC_WARN_64_TO_32_BIT_CONVERSION = YES;
				GCC_WARN_ABOUT_RETURN_TYPE = YES_ERROR;
				GCC_WARN_UNDECLARED_SELECTOR = YES;
				GCC_WARN_UNINITIALIZED_AUTOS = YES_AGGRESSIVE;
				GCC_WARN_UNUSED_FUNCTION = YES;
				GCC_WARN_UNUSED_VARIABLE = YES;
				IPHONEOS_DEPLOYMENT_TARGET = 8.0;
				MTL_ENABLE_DEBUG_INFO = NO;
				SDKROOT = iphoneos;
				TARGETED_DEVICE_FAMILY = "1,2";
				VALIDATE_PRODUCT = YES;
			};
			name = Release;
		};
		270552AF19E0AB5D00AC2085 /* Debug */ = {
			isa = XCBuildConfiguration;
			buildSettings = {
				ASSETCATALOG_COMPILER_APPICON_NAME = AppIcon;
				INFOPLIST_FILE = Prac2/Info.plist;
				LD_RUNPATH_SEARCH_PATHS = "$(inherited) @executable_path/Frameworks";
				PRODUCT_NAME = "$(TARGET_NAME)";
			};
			name = Debug;
		};
		270552B019E0AB5D00AC2085 /* Release */ = {
			isa = XCBuildConfiguration;
			buildSettings = {
				ASSETCATALOG_COMPILER_APPICON_NAME = AppIcon;
				INFOPLIST_FILE = Prac2/Info.plist;
				LD_RUNPATH_SEARCH_PATHS = "$(inherited) @executable_path/Frameworks";
				PRODUCT_NAME = "$(TARGET_NAME)";
			};
			name = Release;
		};
		270552B219E0AB5D00AC2085 /* Debug */ = {
			isa = XCBuildConfiguration;
			buildSettings = {
				BUNDLE_LOADER = "$(TEST_HOST)";
				FRAMEWORK_SEARCH_PATHS = (
					"$(SDKROOT)/Developer/Library/Frameworks",
					"$(inherited)",
				);
				GCC_PREPROCESSOR_DEFINITIONS = (
					"DEBUG=1",
					"$(inherited)",
				);
				INFOPLIST_FILE = Prac2Tests/Info.plist;
				LD_RUNPATH_SEARCH_PATHS = "$(inherited) @executable_path/Frameworks @loader_path/Frameworks";
				PRODUCT_NAME = "$(TARGET_NAME)";
				TEST_HOST = "$(BUILT_PRODUCTS_DIR)/Prac2.app/Prac2";
			};
			name = Debug;
		};
		270552B319E0AB5D00AC2085 /* Release */ = {
			isa = XCBuildConfiguration;
			buildSettings = {
				BUNDLE_LOADER = "$(TEST_HOST)";
				FRAMEWORK_SEARCH_PATHS = (
					"$(SDKROOT)/Developer/Library/Frameworks",
					"$(inherited)",
				);
				INFOPLIST_FILE = Prac2Tests/Info.plist;
				LD_RUNPATH_SEARCH_PATHS = "$(inherited) @executable_path/Frameworks @loader_path/Frameworks";
				PRODUCT_NAME = "$(TARGET_NAME)";
				TEST_HOST = "$(BUILT_PRODUCTS_DIR)/Prac2.app/Prac2";
			};
			name = Release;
		};
/* End XCBuildConfiguration section */

/* Begin XCConfigurationList section */
		2705528619E0AB5D00AC2085 /* Build configuration list for PBXProject "Prac2" */ = {
			isa = XCConfigurationList;
			buildConfigurations = (
				270552AC19E0AB5D00AC2085 /* Debug */,
				270552AD19E0AB5D00AC2085 /* Release */,
			);
			defaultConfigurationIsVisible = 0;
			defaultConfigurationName = Release;
		};
		270552AE19E0AB5D00AC2085 /* Build configuration list for PBXNativeTarget "Prac2" */ = {
			isa = XCConfigurationList;
			buildConfigurations = (
				270552AF19E0AB5D00AC2085 /* Debug */,
				270552B019E0AB5D00AC2085 /* Release */,
			);
			defaultConfigurationIsVisible = 0;
		};
		270552B119E0AB5D00AC2085 /* Build configuration list for PBXNativeTarget "Prac2Tests" */ = {
			isa = XCConfigurationList;
			buildConfigurations = (
				270552B219E0AB5D00AC2085 /* Debug */,
				270552B319E0AB5D00AC2085 /* Release */,
			);
			defaultConfigurationIsVisible = 0;
		};
/* End XCConfigurationList section */
	};
	rootObject = 2705528319E0AB5D00AC2085 /* Project object */;
}
